
Microsoft Visual Studio Solution File, Format Version 12.00
# Visual Studio Version 16
VisualStudioVersion = 16.0.30621.155
MinimumVisualStudioVersion = 10.0.40219.1
Project("{8BC9CEB8-8B4A-11D0-8D11-00A0C91BC942}") = "LABA_OOP2", "LABA_OOP2\LABA_OOP2.vcxproj", "{773F0183-E8B9-4C4A-9DB7-6E79A05D7636}"
EndProject
Global
	GlobalSection(SolutionConfigurationPlatforms) = preSolution
		Debug|x64 = Debug|x64
		Debug|x86 = Debug|x86
		Release|x64 = Release|x64
		Release|x86 = Release|x86
	EndGlobalSection
	GlobalSection(ProjectConfigurationPlatforms) = postSolution
		{773F0183-E8B9-4C4A-9DB7-6E79A05D7636}.Debug|x64.ActiveCfg = Debug|x64
		{773F0183-E8B9-4C4A-9DB7-6E79A05D7636}.Debug|x64.Build.0 = Debug|x64
		{773F0183-E8B9-4C4A-9DB7-6E79A05D7636}.Debug|x86.ActiveCfg = Debug|Win32
		{773F0183-E8B9-4C4A-9DB7-6E79A05D7636}.Debug|x86.Build.0 = Debug|Win32
		{773F0183-E8B9-4C4A-9DB7-6E79A05D7636}.Release|x64.ActiveCfg = Release|x64
		{773F0183-E8B9-4C4A-9DB7-6E79A05D7636}.Release|x64.Build.0 = Release|x64
		{773F0183-E8B9-4C4A-9DB7-6E79A05D7636}.Release|x86.ActiveCfg = Release|Win32
		{773F0183-E8B9-4C4A-9DB7-6E79A05D7636}.Release|x86.Build.0 = Release|Win32
	EndGlobalSection
	GlobalSection(SolutionProperties) = preSolution
		HideSolutionNode = FALSE
	EndGlobalSection
	GlobalSection(ExtensibilityGlobals) = postSolution
		SolutionGuid = {E85B1638-8AA2-4C31-97C7-4F349FF5D6EA}
	EndGlobalSection
EndGlobal
